// !$*UTF8*$!
{
	archiveVersion = 1;
	classes = {
	};
	objectVersion = 50;
	objects = {

/* Begin PBXBuildFile section */
		6657E49D23C007AC00A15B02 /* AppDelegate.swift in Sources */ = {isa = PBXBuildFile; fileRef = 6657E49C23C007AC00A15B02 /* AppDelegate.swift */; };
		6657E4A623C007B000A15B02 /* Assets.xcassets in Resources */ = {isa = PBXBuildFile; fileRef = 6657E4A523C007B000A15B02 /* Assets.xcassets */; };
		6657E4A923C007B000A15B02 /* LaunchScreen.storyboard in Resources */ = {isa = PBXBuildFile; fileRef = 6657E4A723C007B000A15B02 /* LaunchScreen.storyboard */; };
		6657E4B323C0084200A15B02 /* HorizontalCollectionViewController.swift in Sources */ = {isa = PBXBuildFile; fileRef = 6657E4B123C0084200A15B02 /* HorizontalCollectionViewController.swift */; };
		6657E4B423C0084200A15B02 /* HorizontalCollectionViewController.xib in Resources */ = {isa = PBXBuildFile; fileRef = 6657E4B223C0084200A15B02 /* HorizontalCollectionViewController.xib */; };
		6657E4B823C0096F00A15B02 /* HorizontalCollectionViewCell.swift in Sources */ = {isa = PBXBuildFile; fileRef = 6657E4B623C0096F00A15B02 /* HorizontalCollectionViewCell.swift */; };
		6657E4B923C0096F00A15B02 /* HorizontalCollectionViewCell.xib in Resources */ = {isa = PBXBuildFile; fileRef = 6657E4B723C0096F00A15B02 /* HorizontalCollectionViewCell.xib */; };
		66FFC83823C01C4100E864CA /* VerticalCollectionViewController.swift in Sources */ = {isa = PBXBuildFile; fileRef = 66FFC83623C01C4100E864CA /* VerticalCollectionViewController.swift */; };
		66FFC83B23C01CD900E864CA /* VerticalCollectionViewController.xib in Resources */ = {isa = PBXBuildFile; fileRef = 66FFC83A23C01CD900E864CA /* VerticalCollectionViewController.xib */; };
		66FFC83F23C01D1300E864CA /* VerticalCollectionViewCell.xib in Resources */ = {isa = PBXBuildFile; fileRef = 66FFC83D23C01D1300E864CA /* VerticalCollectionViewCell.xib */; };
		66FFC84023C01D1300E864CA /* VerticalCollectionViewCell.swift in Sources */ = {isa = PBXBuildFile; fileRef = 66FFC83E23C01D1300E864CA /* VerticalCollectionViewCell.swift */; };
		66FFC84423C01D8500E864CA /* HomeViewController.swift in Sources */ = {isa = PBXBuildFile; fileRef = 66FFC84223C01D8500E864CA /* HomeViewController.swift */; };
		66FFC84523C01D8500E864CA /* HomeViewController.xib in Resources */ = {isa = PBXBuildFile; fileRef = 66FFC84323C01D8500E864CA /* HomeViewController.xib */; };
/* End PBXBuildFile section */

/* Begin PBXFileReference section */
		6657E49923C007AC00A15B02 /* SelfSizingCollectionViewDemo.app */ = {isa = PBXFileReference; explicitFileType = wrapper.application; includeInIndex = 0; path = SelfSizingCollectionViewDemo.app; sourceTree = BUILT_PRODUCTS_DIR; };
		6657E49C23C007AC00A15B02 /* AppDelegate.swift */ = {isa = PBXFileReference; lastKnownFileType = sourcecode.swift; path = AppDelegate.swift; sourceTree = "<group>"; };
		6657E4A523C007B000A15B02 /* Assets.xcassets */ = {isa = PBXFileReference; lastKnownFileType = folder.assetcatalog; path = Assets.xcassets; sourceTree = "<group>"; };
		6657E4A823C007B000A15B02 /* Base */ = {isa = PBXFileReference; lastKnownFileType = file.storyboard; name = Base; path = Base.lproj/LaunchScreen.storyboard; sourceTree = "<group>"; };
		6657E4AA23C007B000A15B02 /* Info.plist */ = {isa = PBXFileReference; lastKnownFileType = text.plist.xml; path = Info.plist; sourceTree = "<group>"; };
		6657E4B123C0084200A15B02 /* HorizontalCollectionViewController.swift */ = {isa = PBXFileReference; lastKnownFileType = sourcecode.swift; path = HorizontalCollectionViewController.swift; sourceTree = "<group>"; };
		6657E4B223C0084200A15B02 /* HorizontalCollectionViewController.xib */ = {isa = PBXFileReference; lastKnownFileType = file.xib; path = HorizontalCollectionViewController.xib; sourceTree = "<group>"; };
		6657E4B623C0096F00A15B02 /* HorizontalCollectionViewCell.swift */ = {isa = PBXFileReference; lastKnownFileType = sourcecode.swift; path = HorizontalCollectionViewCell.swift; sourceTree = "<group>"; };
		6657E4B723C0096F00A15B02 /* HorizontalCollectionViewCell.xib */ = {isa = PBXFileReference; lastKnownFileType = file.xib; path = HorizontalCollectionViewCell.xib; sourceTree = "<group>"; };
		66FFC83623C01C4100E864CA /* VerticalCollectionViewController.swift */ = {isa = PBXFileReference; fileEncoding = 4; lastKnownFileType = sourcecode.swift; path = VerticalCollectionViewController.swift; sourceTree = "<group>"; };
		66FFC83A23C01CD900E864CA /* VerticalCollectionViewController.xib */ = {isa = PBXFileReference; fileEncoding = 4; lastKnownFileType = file.xib; path = VerticalCollectionViewController.xib; sourceTree = "<group>"; };
		66FFC83D23C01D1300E864CA /* VerticalCollectionViewCell.xib */ = {isa = PBXFileReference; fileEncoding = 4; lastKnownFileType = file.xib; path = VerticalCollectionViewCell.xib; sourceTree = "<group>"; };
		66FFC83E23C01D1300E864CA /* VerticalCollectionViewCell.swift */ = {isa = PBXFileReference; fileEncoding = 4; lastKnownFileType = sourcecode.swift; path = VerticalCollectionViewCell.swift; sourceTree = "<group>"; };
		66FFC84223C01D8500E864CA /* HomeViewController.swift */ = {isa = PBXFileReference; lastKnownFileType = sourcecode.swift; path = HomeViewController.swift; sourceTree = "<group>"; };
		66FFC84323C01D8500E864CA /* HomeViewController.xib */ = {isa = PBXFileReference; lastKnownFileType = file.xib; path = HomeViewController.xib; sourceTree = "<group>"; };
/* End PBXFileReference section */

/* Begin PBXFrameworksBuildPhase section */
		6657E49623C007AC00A15B02 /* Frameworks */ = {
			isa = PBXFrameworksBuildPhase;
			buildActionMask = 2147483647;
			files = (
			);
			runOnlyForDeploymentPostprocessing = 0;
		};
/* End PBXFrameworksBuildPhase section */

/* Begin PBXGroup section */
		6657E49023C007AC00A15B02 = {
			isa = PBXGroup;
			children = (
				6657E49B23C007AC00A15B02 /* SelfSizingCollectionViewDemo */,
				6657E49A23C007AC00A15B02 /* Products */,
			);
			sourceTree = "<group>";
		};
		6657E49A23C007AC00A15B02 /* Products */ = {
			isa = PBXGroup;
			children = (
				6657E49923C007AC00A15B02 /* SelfSizingCollectionViewDemo.app */,
			);
			name = Products;
			sourceTree = "<group>";
		};
		6657E49B23C007AC00A15B02 /* SelfSizingCollectionViewDemo */ = {
			isa = PBXGroup;
			children = (
				6657E49C23C007AC00A15B02 /* AppDelegate.swift */,
				6657E4B523C0094A00A15B02 /* UICollectionViewCell */,
				6657E4B023C0080400A15B02 /* UIViewController */,
				6657E4A523C007B000A15B02 /* Assets.xcassets */,
				6657E4A723C007B000A15B02 /* LaunchScreen.storyboard */,
				6657E4AA23C007B000A15B02 /* Info.plist */,
			);
			path = SelfSizingCollectionViewDemo;
			sourceTree = "<group>";
		};
		6657E4B023C0080400A15B02 /* UIViewController */ = {
			isa = PBXGroup;
			children = (
				66FFC84123C01D6900E864CA /* Home */,
				6657E4BA23C01A3100A15B02 /* Horizontal */,
				66FFC83523C01C4100E864CA /* Vertical */,
			);
			path = UIViewController;
			sourceTree = "<group>";
		};
		6657E4B523C0094A00A15B02 /* UICollectionViewCell */ = {
			isa = PBXGroup;
			children = (
				668E30EA23C01B200013C214 /* Horizontal */,
				66FFC83C23C01D1300E864CA /* Vertical */,
			);
			path = UICollectionViewCell;
			sourceTree = "<group>";
		};
		6657E4BA23C01A3100A15B02 /* Horizontal */ = {
			isa = PBXGroup;
			children = (
				6657E4B123C0084200A15B02 /* HorizontalCollectionViewController.swift */,
				6657E4B223C0084200A15B02 /* HorizontalCollectionViewController.xib */,
			);
			path = Horizontal;
			sourceTree = "<group>";
		};
		668E30EA23C01B200013C214 /* Horizontal */ = {
			isa = PBXGroup;
			children = (
				6657E4B623C0096F00A15B02 /* HorizontalCollectionViewCell.swift */,
				6657E4B723C0096F00A15B02 /* HorizontalCollectionViewCell.xib */,
			);
			path = Horizontal;
			sourceTree = "<group>";
		};
		66FFC83523C01C4100E864CA /* Vertical */ = {
			isa = PBXGroup;
			children = (
				66FFC83623C01C4100E864CA /* VerticalCollectionViewController.swift */,
				66FFC83A23C01CD900E864CA /* VerticalCollectionViewController.xib */,
			);
			path = Vertical;
			sourceTree = "<group>";
		};
		66FFC83C23C01D1300E864CA /* Vertical */ = {
			isa = PBXGroup;
			children = (
				66FFC83E23C01D1300E864CA /* VerticalCollectionViewCell.swift */,
				66FFC83D23C01D1300E864CA /* VerticalCollectionViewCell.xib */,
			);
			path = Vertical;
			sourceTree = "<group>";
		};
		66FFC84123C01D6900E864CA /* Home */ = {
			isa = PBXGroup;
			children = (
				66FFC84223C01D8500E864CA /* HomeViewController.swift */,
				66FFC84323C01D8500E864CA /* HomeViewController.xib */,
			);
			path = Home;
			sourceTree = "<group>";
		};
/* End PBXGroup section */

/* Begin PBXNativeTarget section */
		6657E49823C007AC00A15B02 /* SelfSizingCollectionViewDemo */ = {
			isa = PBXNativeTarget;
			buildConfigurationList = 6657E4AD23C007B000A15B02 /* Build configuration list for PBXNativeTarget "SelfSizingCollectionViewDemo" */;
			buildPhases = (
				6657E49523C007AC00A15B02 /* Sources */,
				6657E49623C007AC00A15B02 /* Frameworks */,
				6657E49723C007AC00A15B02 /* Resources */,
			);
			buildRules = (
			);
			dependencies = (
			);
			name = SelfSizingCollectionViewDemo;
			productName = SelfSizingCollectionViewDemo;
			productReference = 6657E49923C007AC00A15B02 /* SelfSizingCollectionViewDemo.app */;
			productType = "com.apple.product-type.application";
		};
/* End PBXNativeTarget section */

/* Begin PBXProject section */
		6657E49123C007AC00A15B02 /* Project object */ = {
			isa = PBXProject;
			attributes = {
				LastSwiftUpdateCheck = 1130;
				LastUpgradeCheck = 1130;
				ORGANIZATIONNAME = "Reona Kubo";
				TargetAttributes = {
					6657E49823C007AC00A15B02 = {
						CreatedOnToolsVersion = 11.3;
					};
				};
			};
			buildConfigurationList = 6657E49423C007AC00A15B02 /* Build configuration list for PBXProject "SelfSizingCollectionViewDemo" */;
			compatibilityVersion = "Xcode 9.3";
			developmentRegion = en;
			hasScannedForEncodings = 0;
			knownRegions = (
				en,
				Base,
			);
			mainGroup = 6657E49023C007AC00A15B02;
			productRefGroup = 6657E49A23C007AC00A15B02 /* Products */;
			projectDirPath = "";
			projectRoot = "";
			targets = (
				6657E49823C007AC00A15B02 /* SelfSizingCollectionViewDemo */,
			);
		};
/* End PBXProject section */

/* Begin PBXResourcesBuildPhase section */
		6657E49723C007AC00A15B02 /* Resources */ = {
			isa = PBXResourcesBuildPhase;
			buildActionMask = 2147483647;
			files = (
				66FFC83B23C01CD900E864CA /* VerticalCollectionViewController.xib in Resources */,
				6657E4B923C0096F00A15B02 /* HorizontalCollectionViewCell.xib in Resources */,
				66FFC83F23C01D1300E864CA /* VerticalCollectionViewCell.xib in Resources */,
				6657E4B423C0084200A15B02 /* HorizontalCollectionViewController.xib in Resources */,
				6657E4A923C007B000A15B02 /* LaunchScreen.storyboard in Resources */,
				66FFC84523C01D8500E864CA /* HomeViewController.xib in Resources */,
				6657E4A623C007B000A15B02 /* Assets.xcassets in Resources */,
			);
			runOnlyForDeploymentPostprocessing = 0;
		};
/* End PBXResourcesBuildPhase section */

/* Begin PBXSourcesBuildPhase section */
		6657E49523C007AC00A15B02 /* Sources */ = {
			isa = PBXSourcesBuildPhase;
			buildActionMask = 2147483647;
			files = (
				66FFC84023C01D1300E864CA /* VerticalCollectionViewCell.swift in Sources */,
				6657E4B323C0084200A15B02 /* HorizontalCollectionViewController.swift in Sources */,
				6657E4B823C0096F00A15B02 /* HorizontalCollectionViewCell.swift in Sources */,
				66FFC83823C01C4100E864CA /* VerticalCollectionViewController.swift in Sources */,
				6657E49D23C007AC00A15B02 /* AppDelegate.swift in Sources */,
				66FFC84423C01D8500E864CA /* HomeViewController.swift in Sources */,
			);
			runOnlyForDeploymentPostprocessing = 0;
		};
/* End PBXSourcesBuildPhase section */

/* Begin PBXVariantGroup section */
		6657E4A723C007B000A15B02 /* LaunchScreen.storyboard */ = {
			isa = PBXVariantGroup;
			children = (
				6657E4A823C007B000A15B02 /* Base */,
			);
			name = LaunchScreen.storyboard;
			sourceTree = "<group>";
		};
/* End PBXVariantGroup section */

/* Begin XCBuildConfiguration section */
		6657E4AB23C007B000A15B02 /* Debug */ = {
			isa = XCBuildConfiguration;
			buildSettings = {
				ALWAYS_SEARCH_USER_PATHS = NO;
				CLANG_ANALYZER_NONNULL = YES;
				CLANG_ANALYZER_NUMBER_OBJECT_CONVERSION = YES_AGGRESSIVE;
				CLANG_CXX_LANGUAGE_STANDARD = "gnu++14";
				CLANG_CXX_LIBRARY = "libc++";
				CLANG_ENABLE_MODULES = YES;
				CLANG_ENABLE_OBJC_ARC = YES;
				CLANG_ENABLE_OBJC_WEAK = YES;
				CLANG_WARN_BLOCK_CAPTURE_AUTORELEASING = YES;
				CLANG_WARN_BOOL_CONVERSION = YES;
				CLANG_WARN_COMMA = YES;
				CLANG_WARN_CONSTANT_CONVERSION = YES;
				CLANG_WARN_DEPRECATED_OBJC_IMPLEMENTATIONS = YES;
				CLANG_WARN_DIRECT_OBJC_ISA_USAGE = YES_ERROR;
				CLANG_WARN_DOCUMENTATION_COMMENTS = YES;
				CLANG_WARN_EMPTY_BODY = YES;
				CLANG_WARN_ENUM_CONVERSION = YES;
				CLANG_WARN_INFINITE_RECURSION = YES;
				CLANG_WARN_INT_CONVERSION = YES;
				CLANG_WARN_NON_LITERAL_NULL_CONVERSION = YES;
				CLANG_WARN_OBJC_IMPLICIT_RETAIN_SELF = YES;
				CLANG_WARN_OBJC_LITERAL_CONVERSION = YES;
				CLANG_WARN_OBJC_ROOT_CLASS = YES_ERROR;
				CLANG_WARN_RANGE_LOOP_ANALYSIS = YES;
				CLANG_WARN_STRICT_PROTOTYPES = YES;
				CLANG_WARN_SUSPICIOUS_MOVE = YES;
				CLANG_WARN_UNGUARDED_AVAILABILITY = YES_AGGRESSIVE;
				CLANG_WARN_UNREACHABLE_CODE = YES;
				CLANG_WARN__DUPLICATE_METHOD_MATCH = YES;
				COPY_PHASE_STRIP = NO;
				DEBUG_INFORMATION_FORMAT = dwarf;
				ENABLE_STRICT_OBJC_MSGSEND = YES;
				ENABLE_TESTABILITY = YES;
				GCC_C_LANGUAGE_STANDARD = gnu11;
				GCC_DYNAMIC_NO_PIC = NO;
				GCC_NO_COMMON_BLOCKS = YES;
				GCC_OPTIMIZATION_LEVEL = 0;
				GCC_PREPROCESSOR_DEFINITIONS = (
					"DEBUG=1",
					"$(inherited)",
				);
				GCC_WARN_64_TO_32_BIT_CONVERSION = YES;
				GCC_WARN_ABOUT_RETURN_TYPE = YES_ERROR;
				GCC_WARN_UNDECLARED_SELECTOR = YES;
				GCC_WARN_UNINITIALIZED_AUTOS = YES_AGGRESSIVE;
				GCC_WARN_UNUSED_FUNCTION = YES;
				GCC_WARN_UNUSED_VARIABLE = YES;
				IPHONEOS_DEPLOYMENT_TARGET = 13.2;
				MTL_ENABLE_DEBUG_INFO = INCLUDE_SOURCE;
				MTL_FAST_MATH = YES;
				ONLY_ACTIVE_ARCH = YES;
				SDKROOT = iphoneos;
				SWIFT_ACTIVE_COMPILATION_CONDITIONS = DEBUG;
				SWIFT_OPTIMIZATION_LEVEL = "-Onone";
			};
			name = Debug;
		};
		6657E4AC23C007B000A15B02 /* Release */ = {
			isa = XCBuildConfiguration;
			buildSettings = {
				ALWAYS_SEARCH_USER_PATHS = NO;
				CLANG_ANALYZER_NONNULL = YES;
				CLANG_ANALYZER_NUMBER_OBJECT_CONVERSION = YES_AGGRESSIVE;
				CLANG_CXX_LANGUAGE_STANDARD = "gnu++14";
				CLANG_CXX_LIBRARY = "libc++";
				CLANG_ENABLE_MODULES = YES;
				CLANG_ENABLE_OBJC_ARC = YES;
				CLANG_ENABLE_OBJC_WEAK = YES;
				CLANG_WARN_BLOCK_CAPTURE_AUTORELEASING = YES;
				CLANG_WARN_BOOL_CONVERSION = YES;
				CLANG_WARN_COMMA = YES;
				CLANG_WARN_CONSTANT_CONVERSION = YES;
				CLANG_WARN_DEPRECATED_OBJC_IMPLEMENTATIONS = YES;
				CLANG_WARN_DIRECT_OBJC_ISA_USAGE = YES_ERROR;
				CLANG_WARN_DOCUMENTATION_COMMENTS = YES;
				CLANG_WARN_EMPTY_BODY = YES;
				CLANG_WARN_ENUM_CONVERSION = YES;
				CLANG_WARN_INFINITE_RECURSION = YES;
				CLANG_WARN_INT_CONVERSION = YES;
				CLANG_WARN_NON_LITERAL_NULL_CONVERSION = YES;
				CLANG_WARN_OBJC_IMPLICIT_RETAIN_SELF = YES;
				CLANG_WARN_OBJC_LITERAL_CONVERSION = YES;
				CLANG_WARN_OBJC_ROOT_CLASS = YES_ERROR;
				CLANG_WARN_RANGE_LOOP_ANALYSIS = YES;
				CLANG_WARN_STRICT_PROTOTYPES = YES;
				CLANG_WARN_SUSPICIOUS_MOVE = YES;
				CLANG_WARN_UNGUARDED_AVAILABILITY = YES_AGGRESSIVE;
				CLANG_WARN_UNREACHABLE_CODE = YES;
				CLANG_WARN__DUPLICATE_METHOD_MATCH = YES;
				COPY_PHASE_STRIP = NO;
				DEBUG_INFORMATION_FORMAT = "dwarf-with-dsym";
				ENABLE_NS_ASSERTIONS = NO;
				ENABLE_STRICT_OBJC_MSGSEND = YES;
				GCC_C_LANGUAGE_STANDARD = gnu11;
				GCC_NO_COMMON_BLOCKS = YES;
				GCC_WARN_64_TO_32_BIT_CONVERSION = YES;
				GCC_WARN_ABOUT_RETURN_TYPE = YES_ERROR;
				GCC_WARN_UNDECLARED_SELECTOR = YES;
				GCC_WARN_UNINITIALIZED_AUTOS = YES_AGGRESSIVE;
				GCC_WARN_UNUSED_FUNCTION = YES;
				GCC_WARN_UNUSED_VARIABLE = YES;
				IPHONEOS_DEPLOYMENT_TARGET = 13.2;
				MTL_ENABLE_DEBUG_INFO = NO;
				MTL_FAST_MATH = YES;
				SDKROOT = iphoneos;
				SWIFT_COMPILATION_MODE = wholemodule;
				SWIFT_OPTIMIZATION_LEVEL = "-O";
				VALIDATE_PRODUCT = YES;
			};
			name = Release;
		};
		6657E4AE23C007B000A15B02 /* Debug */ = {
			isa = XCBuildConfiguration;
			buildSettings = {
				ASSETCATALOG_COMPILER_APPICON_NAME = AppIcon;
				CODE_SIGN_STYLE = Automatic;
				DEVELOPMENT_TEAM = Q2UN54KG3Y;
				INFOPLIST_FILE = SelfSizingCollectionViewDemo/Info.plist;
				LD_RUNPATH_SEARCH_PATHS = (
					"$(inherited)",
					"@executable_path/Frameworks",
				);
				PRODUCT_BUNDLE_IDENTIFIER = xyz.uruly.SelfSizingCollectionViewDemo;
				PRODUCT_NAME = "$(TARGET_NAME)";
				SWIFT_VERSION = 5.0;
				TARGETED_DEVICE_FAMILY = "1,2";
			};
			name = Debug;
		};
		6657E4AF23C007B000A15B02 /* Release */ = {
			isa = XCBuildConfiguration;
			buildSettings = {
				ASSETCATALOG_COMPILER_APPICON_NAME = AppIcon;
				CODE_SIGN_STYLE = Automatic;
				DEVELOPMENT_TEAM = Q2UN54KG3Y;
				INFOPLIST_FILE = SelfSizingCollectionViewDemo/Info.plist;
				LD_RUNPATH_SEARCH_PATHS = (
					"$(inherited)",
					"@executable_path/Frameworks",
				);
				PRODUCT_BUNDLE_IDENTIFIER = xyz.uruly.SelfSizingCollectionViewDemo;
				PRODUCT_NAME = "$(TARGET_NAME)";
				SWIFT_VERSION = 5.0;
				TARGETED_DEVICE_FAMILY = "1,2";
			};
			name = Release;
		};
/* End XCBuildConfiguration section */

/* Begin XCConfigurationList section */
		6657E49423C007AC00A15B02 /* Build configuration list for PBXProject "SelfSizingCollectionViewDemo" */ = {
			isa = XCConfigurationList;
			buildConfigurations = (
				6657E4AB23C007B000A15B02 /* Debug */,
				6657E4AC23C007B000A15B02 /* Release */,
			);
			defaultConfigurationIsVisible = 0;
			defaultConfigurationName = Release;
		};
		6657E4AD23C007B000A15B02 /* Build configuration list for PBXNativeTarget "SelfSizingCollectionViewDemo" */ = {
			isa = XCConfigurationList;
			buildConfigurations = (
				6657E4AE23C007B000A15B02 /* Debug */,
				6657E4AF23C007B000A15B02 /* Release */,
			);
			defaultConfigurationIsVisible = 0;
			defaultConfigurationName = Release;
		};
/* End XCConfigurationList section */
	};
	rootObject = 6657E49123C007AC00A15B02 /* Project object */;
}
